// !$*UTF8*$!
{
	archiveVersion = 1;
	classes = {
	};
	objectVersion = 55;
	objects = {

/* Begin PBXBuildFile section */
		79ECA469273A4B84001A06E1 /* AppDelegate.swift in Sources */ = {isa = PBXBuildFile; fileRef = 79ECA468273A4B84001A06E1 /* AppDelegate.swift */; };
		79ECA46D273A4B84001A06E1 /* ViewController.swift in Sources */ = {isa = PBXBuildFile; fileRef = 79ECA46C273A4B84001A06E1 /* ViewController.swift */; };
		79ECA470273A4B84001A06E1 /* Main.storyboard in Resources */ = {isa = PBXBuildFile; fileRef = 79ECA46E273A4B84001A06E1 /* Main.storyboard */; };
		79ECA472273A4B87001A06E1 /* Assets.xcassets in Resources */ = {isa = PBXBuildFile; fileRef = 79ECA471273A4B87001A06E1 /* Assets.xcassets */; };
		79ECA475273A4B87001A06E1 /* LaunchScreen.storyboard in Resources */ = {isa = PBXBuildFile; fileRef = 79ECA473273A4B87001A06E1 /* LaunchScreen.storyboard */; };
		79ECA48A273A4B87001A06E1 /* ButtonTapUITests.swift in Sources */ = {isa = PBXBuildFile; fileRef = 79ECA489273A4B87001A06E1 /* ButtonTapUITests.swift */; };
		79ECA48C273A4B87001A06E1 /* ButtonTapUITestsLaunchTests.swift in Sources */ = {isa = PBXBuildFile; fileRef = 79ECA48B273A4B87001A06E1 /* ButtonTapUITestsLaunchTests.swift */; };
		79ECA499273A4BCE001A06E1 /* TestingAppDelegate.swift in Sources */ = {isa = PBXBuildFile; fileRef = 79ECA498273A4BCE001A06E1 /* TestingAppDelegate.swift */; };
		79ECA49B273A4C27001A06E1 /* main.swift in Sources */ = {isa = PBXBuildFile; fileRef = 79ECA49A273A4C27001A06E1 /* main.swift */; };
		79ECA49D273A4DAC001A06E1 /* ViewControllerTests.swift in Sources */ = {isa = PBXBuildFile; fileRef = 79ECA49C273A4DAC001A06E1 /* ViewControllerTests.swift */; };
		79ECA49F273A503C001A06E1 /* TestHelpers.swift in Sources */ = {isa = PBXBuildFile; fileRef = 79ECA49E273A503C001A06E1 /* TestHelpers.swift */; };
/* End PBXBuildFile section */

/* Begin PBXContainerItemProxy section */
		79ECA47C273A4B87001A06E1 /* PBXContainerItemProxy */ = {
			isa = PBXContainerItemProxy;
			containerPortal = 79ECA45D273A4B84001A06E1 /* Project object */;
			proxyType = 1;
			remoteGlobalIDString = 79ECA464273A4B84001A06E1;
			remoteInfo = ButtonTap;
		};
		79ECA486273A4B87001A06E1 /* PBXContainerItemProxy */ = {
			isa = PBXContainerItemProxy;
			containerPortal = 79ECA45D273A4B84001A06E1 /* Project object */;
			proxyType = 1;
			remoteGlobalIDString = 79ECA464273A4B84001A06E1;
			remoteInfo = ButtonTap;
		};
/* End PBXContainerItemProxy section */

/* Begin PBXFileReference section */
		79ECA465273A4B84001A06E1 /* ButtonTap.app */ = {isa = PBXFileReference; explicitFileType = wrapper.application; includeInIndex = 0; path = ButtonTap.app; sourceTree = BUILT_PRODUCTS_DIR; };
		79ECA468273A4B84001A06E1 /* AppDelegate.swift */ = {isa = PBXFileReference; lastKnownFileType = sourcecode.swift; path = AppDelegate.swift; sourceTree = "<group>"; };
		79ECA46C273A4B84001A06E1 /* ViewController.swift */ = {isa = PBXFileReference; lastKnownFileType = sourcecode.swift; path = ViewController.swift; sourceTree = "<group>"; };
		79ECA46F273A4B84001A06E1 /* Base */ = {isa = PBXFileReference; lastKnownFileType = file.storyboard; name = Base; path = Base.lproj/Main.storyboard; sourceTree = "<group>"; };
		79ECA471273A4B87001A06E1 /* Assets.xcassets */ = {isa = PBXFileReference; lastKnownFileType = folder.assetcatalog; path = Assets.xcassets; sourceTree = "<group>"; };
		79ECA474273A4B87001A06E1 /* Base */ = {isa = PBXFileReference; lastKnownFileType = file.storyboard; name = Base; path = Base.lproj/LaunchScreen.storyboard; sourceTree = "<group>"; };
		79ECA476273A4B87001A06E1 /* Info.plist */ = {isa = PBXFileReference; lastKnownFileType = text.plist.xml; path = Info.plist; sourceTree = "<group>"; };
		79ECA47B273A4B87001A06E1 /* ButtonTapTests.xctest */ = {isa = PBXFileReference; explicitFileType = wrapper.cfbundle; includeInIndex = 0; path = ButtonTapTests.xctest; sourceTree = BUILT_PRODUCTS_DIR; };
		79ECA485273A4B87001A06E1 /* ButtonTapUITests.xctest */ = {isa = PBXFileReference; explicitFileType = wrapper.cfbundle; includeInIndex = 0; path = ButtonTapUITests.xctest; sourceTree = BUILT_PRODUCTS_DIR; };
		79ECA489273A4B87001A06E1 /* ButtonTapUITests.swift */ = {isa = PBXFileReference; lastKnownFileType = sourcecode.swift; path = ButtonTapUITests.swift; sourceTree = "<group>"; };
		79ECA48B273A4B87001A06E1 /* ButtonTapUITestsLaunchTests.swift */ = {isa = PBXFileReference; lastKnownFileType = sourcecode.swift; path = ButtonTapUITestsLaunchTests.swift; sourceTree = "<group>"; };
		79ECA498273A4BCE001A06E1 /* TestingAppDelegate.swift */ = {isa = PBXFileReference; lastKnownFileType = sourcecode.swift; path = TestingAppDelegate.swift; sourceTree = "<group>"; };
		79ECA49A273A4C27001A06E1 /* main.swift */ = {isa = PBXFileReference; lastKnownFileType = sourcecode.swift; path = main.swift; sourceTree = "<group>"; };
		79ECA49C273A4DAC001A06E1 /* ViewControllerTests.swift */ = {isa = PBXFileReference; lastKnownFileType = sourcecode.swift; path = ViewControllerTests.swift; sourceTree = "<group>"; };
		79ECA49E273A503C001A06E1 /* TestHelpers.swift */ = {isa = PBXFileReference; lastKnownFileType = sourcecode.swift; path = TestHelpers.swift; sourceTree = "<group>"; };
/* End PBXFileReference section */

/* Begin PBXFrameworksBuildPhase section */
		79ECA462273A4B84001A06E1 /* Frameworks */ = {
			isa = PBXFrameworksBuildPhase;
			buildActionMask = 2147483647;
			files = (
			);
			runOnlyForDeploymentPostprocessing = 0;
		};
		79ECA478273A4B87001A06E1 /* Frameworks */ = {
			isa = PBXFrameworksBuildPhase;
			buildActionMask = 2147483647;
			files = (
			);
			runOnlyForDeploymentPostprocessing = 0;
		};
		79ECA482273A4B87001A06E1 /* Frameworks */ = {
			isa = PBXFrameworksBuildPhase;
			buildActionMask = 2147483647;
			files = (
			);
			runOnlyForDeploymentPostprocessing = 0;
		};
/* End PBXFrameworksBuildPhase section */

/* Begin PBXGroup section */
		79ECA45C273A4B84001A06E1 = {
			isa = PBXGroup;
			children = (
				79ECA467273A4B84001A06E1 /* ButtonTap */,
				79ECA47E273A4B87001A06E1 /* ButtonTapTests */,
				79ECA488273A4B87001A06E1 /* ButtonTapUITests */,
				79ECA466273A4B84001A06E1 /* Products */,
			);
			sourceTree = "<group>";
		};
		79ECA466273A4B84001A06E1 /* Products */ = {
			isa = PBXGroup;
			children = (
				79ECA465273A4B84001A06E1 /* ButtonTap.app */,
				79ECA47B273A4B87001A06E1 /* ButtonTapTests.xctest */,
				79ECA485273A4B87001A06E1 /* ButtonTapUITests.xctest */,
			);
			name = Products;
			sourceTree = "<group>";
		};
		79ECA467273A4B84001A06E1 /* ButtonTap */ = {
			isa = PBXGroup;
			children = (
				79ECA468273A4B84001A06E1 /* AppDelegate.swift */,
				79ECA46C273A4B84001A06E1 /* ViewController.swift */,
				79ECA46E273A4B84001A06E1 /* Main.storyboard */,
				79ECA471273A4B87001A06E1 /* Assets.xcassets */,
				79ECA473273A4B87001A06E1 /* LaunchScreen.storyboard */,
				79ECA476273A4B87001A06E1 /* Info.plist */,
				79ECA49A273A4C27001A06E1 /* main.swift */,
			);
			path = ButtonTap;
			sourceTree = "<group>";
		};
		79ECA47E273A4B87001A06E1 /* ButtonTapTests */ = {
			isa = PBXGroup;
			children = (
				79ECA498273A4BCE001A06E1 /* TestingAppDelegate.swift */,
				79ECA49C273A4DAC001A06E1 /* ViewControllerTests.swift */,
				79ECA49E273A503C001A06E1 /* TestHelpers.swift */,
			);
			path = ButtonTapTests;
			sourceTree = "<group>";
		};
		79ECA488273A4B87001A06E1 /* ButtonTapUITests */ = {
			isa = PBXGroup;
			children = (
				79ECA489273A4B87001A06E1 /* ButtonTapUITests.swift */,
				79ECA48B273A4B87001A06E1 /* ButtonTapUITestsLaunchTests.swift */,
			);
			path = ButtonTapUITests;
			sourceTree = "<group>";
		};
/* End PBXGroup section */

/* Begin PBXNativeTarget section */
		79ECA464273A4B84001A06E1 /* ButtonTap */ = {
			isa = PBXNativeTarget;
			buildConfigurationList = 79ECA48F273A4B88001A06E1 /* Build configuration list for PBXNativeTarget "ButtonTap" */;
			buildPhases = (
				79ECA461273A4B84001A06E1 /* Sources */,
				79ECA462273A4B84001A06E1 /* Frameworks */,
				79ECA463273A4B84001A06E1 /* Resources */,
			);
			buildRules = (
			);
			dependencies = (
			);
			name = ButtonTap;
			productName = ButtonTap;
			productReference = 79ECA465273A4B84001A06E1 /* ButtonTap.app */;
			productType = "com.apple.product-type.application";
		};
		79ECA47A273A4B87001A06E1 /* ButtonTapTests */ = {
			isa = PBXNativeTarget;
			buildConfigurationList = 79ECA492273A4B88001A06E1 /* Build configuration list for PBXNativeTarget "ButtonTapTests" */;
			buildPhases = (
				79ECA477273A4B87001A06E1 /* Sources */,
				79ECA478273A4B87001A06E1 /* Frameworks */,
				79ECA479273A4B87001A06E1 /* Resources */,
			);
			buildRules = (
			);
			dependencies = (
				79ECA47D273A4B87001A06E1 /* PBXTargetDependency */,
			);
			name = ButtonTapTests;
			productName = ButtonTapTests;
			productReference = 79ECA47B273A4B87001A06E1 /* ButtonTapTests.xctest */;
			productType = "com.apple.product-type.bundle.unit-test";
		};
		79ECA484273A4B87001A06E1 /* ButtonTapUITests */ = {
			isa = PBXNativeTarget;
			buildConfigurationList = 79ECA495273A4B88001A06E1 /* Build configuration list for PBXNativeTarget "ButtonTapUITests" */;
			buildPhases = (
				79ECA481273A4B87001A06E1 /* Sources */,
				79ECA482273A4B87001A06E1 /* Frameworks */,
				79ECA483273A4B87001A06E1 /* Resources */,
			);
			buildRules = (
			);
			dependencies = (
				79ECA487273A4B87001A06E1 /* PBXTargetDependency */,
			);
			name = ButtonTapUITests;
			productName = ButtonTapUITests;
			productReference = 79ECA485273A4B87001A06E1 /* ButtonTapUITests.xctest */;
			productType = "com.apple.product-type.bundle.ui-testing";
		};
/* End PBXNativeTarget section */

/* Begin PBXProject section */
		79ECA45D273A4B84001A06E1 /* Project object */ = {
			isa = PBXProject;
			attributes = {
				BuildIndependentTargetsInParallel = 1;
				LastSwiftUpdateCheck = 1310;
				LastUpgradeCheck = 1310;
				TargetAttributes = {
					79ECA464273A4B84001A06E1 = {
						CreatedOnToolsVersion = 13.1;
					};
					79ECA47A273A4B87001A06E1 = {
						CreatedOnToolsVersion = 13.1;
						TestTargetID = 79ECA464273A4B84001A06E1;
					};
					79ECA484273A4B87001A06E1 = {
						CreatedOnToolsVersion = 13.1;
						TestTargetID = 79ECA464273A4B84001A06E1;
					};
				};
			};
			buildConfigurationList = 79ECA460273A4B84001A06E1 /* Build configuration list for PBXProject "ButtonTap" */;
			compatibilityVersion = "Xcode 13.0";
			developmentRegion = en;
			hasScannedForEncodings = 0;
			knownRegions = (
				en,
				Base,
			);
			mainGroup = 79ECA45C273A4B84001A06E1;
			productRefGroup = 79ECA466273A4B84001A06E1 /* Products */;
			projectDirPath = "";
			projectRoot = "";
			targets = (
				79ECA464273A4B84001A06E1 /* ButtonTap */,
				79ECA47A273A4B87001A06E1 /* ButtonTapTests */,
				79ECA484273A4B87001A06E1 /* ButtonTapUITests */,
			);
		};
/* End PBXProject section */

/* Begin PBXResourcesBuildPhase section */
		79ECA463273A4B84001A06E1 /* Resources */ = {
			isa = PBXResourcesBuildPhase;
			buildActionMask = 2147483647;
			files = (
				79ECA475273A4B87001A06E1 /* LaunchScreen.storyboard in Resources */,
				79ECA472273A4B87001A06E1 /* Assets.xcassets in Resources */,
				79ECA470273A4B84001A06E1 /* Main.storyboard in Resources */,
			);
			runOnlyForDeploymentPostprocessing = 0;
		};
		79ECA479273A4B87001A06E1 /* Resources */ = {
			isa = PBXResourcesBuildPhase;
			buildActionMask = 2147483647;
			files = (
			);
			runOnlyForDeploymentPostprocessing = 0;
		};
		79ECA483273A4B87001A06E1 /* Resources */ = {
			isa = PBXResourcesBuildPhase;
			buildActionMask = 2147483647;
			files = (
			);
			runOnlyForDeploymentPostprocessing = 0;
		};
/* End PBXResourcesBuildPhase section */

/* Begin PBXSourcesBuildPhase section */
		79ECA461273A4B84001A06E1 /* Sources */ = {
			isa = PBXSourcesBuildPhase;
			buildActionMask = 2147483647;
			files = (
				79ECA46D273A4B84001A06E1 /* ViewController.swift in Sources */,
				79ECA469273A4B84001A06E1 /* AppDelegate.swift in Sources */,
				79ECA49B273A4C27001A06E1 /* main.swift in Sources */,
			);
			runOnlyForDeploymentPostprocessing = 0;
		};
		79ECA477273A4B87001A06E1 /* Sources */ = {
			isa = PBXSourcesBuildPhase;
			buildActionMask = 2147483647;
			files = (
				79ECA49D273A4DAC001A06E1 /* ViewControllerTests.swift in Sources */,
				79ECA499273A4BCE001A06E1 /* TestingAppDelegate.swift in Sources */,
				79ECA49F273A503C001A06E1 /* TestHelpers.swift in Sources */,
			);
			runOnlyForDeploymentPostprocessing = 0;
		};
		79ECA481273A4B87001A06E1 /* Sources */ = {
			isa = PBXSourcesBuildPhase;
			buildActionMask = 2147483647;
			files = (
				79ECA48C273A4B87001A06E1 /* ButtonTapUITestsLaunchTests.swift in Sources */,
				79ECA48A273A4B87001A06E1 /* ButtonTapUITests.swift in Sources */,
			);
			runOnlyForDeploymentPostprocessing = 0;
		};
/* End PBXSourcesBuildPhase section */

/* Begin PBXTargetDependency section */
		79ECA47D273A4B87001A06E1 /* PBXTargetDependency */ = {
			isa = PBXTargetDependency;
			target = 79ECA464273A4B84001A06E1 /* ButtonTap */;
			targetProxy = 79ECA47C273A4B87001A06E1 /* PBXContainerItemProxy */;
		};
		79ECA487273A4B87001A06E1 /* PBXTargetDependency */ = {
			isa = PBXTargetDependency;
			target = 79ECA464273A4B84001A06E1 /* ButtonTap */;
			targetProxy = 79ECA486273A4B87001A06E1 /* PBXContainerItemProxy */;
		};
/* End PBXTargetDependency section */

/* Begin PBXVariantGroup section */
		79ECA46E273A4B84001A06E1 /* Main.storyboard */ = {
			isa = PBXVariantGroup;
			children = (
				79ECA46F273A4B84001A06E1 /* Base */,
			);
			name = Main.storyboard;
			sourceTree = "<group>";
		};
		79ECA473273A4B87001A06E1 /* LaunchScreen.storyboard */ = {
			isa = PBXVariantGroup;
			children = (
				79ECA474273A4B87001A06E1 /* Base */,
			);
			name = LaunchScreen.storyboard;
			sourceTree = "<group>";
		};
/* End PBXVariantGroup section */

/* Begin XCBuildConfiguration section */
		79ECA48D273A4B87001A06E1 /* Debug */ = {
			isa = XCBuildConfiguration;
			buildSettings = {
				ALWAYS_SEARCH_USER_PATHS = NO;
				CLANG_ANALYZER_NONNULL = YES;
				CLANG_ANALYZER_NUMBER_OBJECT_CONVERSION = YES_AGGRESSIVE;
				CLANG_CXX_LANGUAGE_STANDARD = "gnu++17";
				CLANG_CXX_LIBRARY = "libc++";
				CLANG_ENABLE_MODULES = YES;
				CLANG_ENABLE_OBJC_ARC = YES;
				CLANG_ENABLE_OBJC_WEAK = YES;
				CLANG_WARN_BLOCK_CAPTURE_AUTORELEASING = YES;
				CLANG_WARN_BOOL_CONVERSION = YES;
				CLANG_WARN_COMMA = YES;
				CLANG_WARN_CONSTANT_CONVERSION = YES;
				CLANG_WARN_DEPRECATED_OBJC_IMPLEMENTATIONS = YES;
				CLANG_WARN_DIRECT_OBJC_ISA_USAGE = YES_ERROR;
				CLANG_WARN_DOCUMENTATION_COMMENTS = YES;
				CLANG_WARN_EMPTY_BODY = YES;
				CLANG_WARN_ENUM_CONVERSION = YES;
				CLANG_WARN_INFINITE_RECURSION = YES;
				CLANG_WARN_INT_CONVERSION = YES;
				CLANG_WARN_NON_LITERAL_NULL_CONVERSION = YES;
				CLANG_WARN_OBJC_IMPLICIT_RETAIN_SELF = YES;
				CLANG_WARN_OBJC_LITERAL_CONVERSION = YES;
				CLANG_WARN_OBJC_ROOT_CLASS = YES_ERROR;
				CLANG_WARN_QUOTED_INCLUDE_IN_FRAMEWORK_HEADER = YES;
				CLANG_WARN_RANGE_LOOP_ANALYSIS = YES;
				CLANG_WARN_STRICT_PROTOTYPES = YES;
				CLANG_WARN_SUSPICIOUS_MOVE = YES;
				CLANG_WARN_UNGUARDED_AVAILABILITY = YES_AGGRESSIVE;
				CLANG_WARN_UNREACHABLE_CODE = YES;
				CLANG_WARN__DUPLICATE_METHOD_MATCH = YES;
				COPY_PHASE_STRIP = NO;
				DEBUG_INFORMATION_FORMAT = dwarf;
				ENABLE_STRICT_OBJC_MSGSEND = YES;
				ENABLE_TESTABILITY = YES;
				GCC_C_LANGUAGE_STANDARD = gnu11;
				GCC_DYNAMIC_NO_PIC = NO;
				GCC_NO_COMMON_BLOCKS = YES;
				GCC_OPTIMIZATION_LEVEL = 0;
				GCC_PREPROCESSOR_DEFINITIONS = (
					"DEBUG=1",
					"$(inherited)",
				);
				GCC_WARN_64_TO_32_BIT_CONVERSION = YES;
				GCC_WARN_ABOUT_RETURN_TYPE = YES_ERROR;
				GCC_WARN_UNDECLARED_SELECTOR = YES;
				GCC_WARN_UNINITIALIZED_AUTOS = YES_AGGRESSIVE;
				GCC_WARN_UNUSED_FUNCTION = YES;
				GCC_WARN_UNUSED_VARIABLE = YES;
				IPHONEOS_DEPLOYMENT_TARGET = 15.0;
				MTL_ENABLE_DEBUG_INFO = INCLUDE_SOURCE;
				MTL_FAST_MATH = YES;
				ONLY_ACTIVE_ARCH = YES;
				SDKROOT = iphoneos;
				SWIFT_ACTIVE_COMPILATION_CONDITIONS = DEBUG;
				SWIFT_OPTIMIZATION_LEVEL = "-Onone";
			};
			name = Debug;
		};
		79ECA48E273A4B88001A06E1 /* Release */ = {
			isa = XCBuildConfiguration;
			buildSettings = {
				ALWAYS_SEARCH_USER_PATHS = NO;
				CLANG_ANALYZER_NONNULL = YES;
				CLANG_ANALYZER_NUMBER_OBJECT_CONVERSION = YES_AGGRESSIVE;
				CLANG_CXX_LANGUAGE_STANDARD = "gnu++17";
				CLANG_CXX_LIBRARY = "libc++";
				CLANG_ENABLE_MODULES = YES;
				CLANG_ENABLE_OBJC_ARC = YES;
				CLANG_ENABLE_OBJC_WEAK = YES;
				CLANG_WARN_BLOCK_CAPTURE_AUTORELEASING = YES;
				CLANG_WARN_BOOL_CONVERSION = YES;
				CLANG_WARN_COMMA = YES;
				CLANG_WARN_CONSTANT_CONVERSION = YES;
				CLANG_WARN_DEPRECATED_OBJC_IMPLEMENTATIONS = YES;
				CLANG_WARN_DIRECT_OBJC_ISA_USAGE = YES_ERROR;
				CLANG_WARN_DOCUMENTATION_COMMENTS = YES;
				CLANG_WARN_EMPTY_BODY = YES;
				CLANG_WARN_ENUM_CONVERSION = YES;
				CLANG_WARN_INFINITE_RECURSION = YES;
				CLANG_WARN_INT_CONVERSION = YES;
				CLANG_WARN_NON_LITERAL_NULL_CONVERSION = YES;
				CLANG_WARN_OBJC_IMPLICIT_RETAIN_SELF = YES;
				CLANG_WARN_OBJC_LITERAL_CONVERSION = YES;
				CLANG_WARN_OBJC_ROOT_CLASS = YES_ERROR;
				CLANG_WARN_QUOTED_INCLUDE_IN_FRAMEWORK_HEADER = YES;
				CLANG_WARN_RANGE_LOOP_ANALYSIS = YES;
				CLANG_WARN_STRICT_PROTOTYPES = YES;
				CLANG_WARN_SUSPICIOUS_MOVE = YES;
				CLANG_WARN_UNGUARDED_AVAILABILITY = YES_AGGRESSIVE;
				CLANG_WARN_UNREACHABLE_CODE = YES;
				CLANG_WARN__DUPLICATE_METHOD_MATCH = YES;
				COPY_PHASE_STRIP = NO;
				DEBUG_INFORMATION_FORMAT = "dwarf-with-dsym";
				ENABLE_NS_ASSERTIONS = NO;
				ENABLE_STRICT_OBJC_MSGSEND = YES;
				GCC_C_LANGUAGE_STANDARD = gnu11;
				GCC_NO_COMMON_BLOCKS = YES;
				GCC_WARN_64_TO_32_BIT_CONVERSION = YES;
				GCC_WARN_ABOUT_RETURN_TYPE = YES_ERROR;
				GCC_WARN_UNDECLARED_SELECTOR = YES;
				GCC_WARN_UNINITIALIZED_AUTOS = YES_AGGRESSIVE;
				GCC_WARN_UNUSED_FUNCTION = YES;
				GCC_WARN_UNUSED_VARIABLE = YES;
				IPHONEOS_DEPLOYMENT_TARGET = 15.0;
				MTL_ENABLE_DEBUG_INFO = NO;
				MTL_FAST_MATH = YES;
				SDKROOT = iphoneos;
				SWIFT_COMPILATION_MODE = wholemodule;
				SWIFT_OPTIMIZATION_LEVEL = "-O";
				VALIDATE_PRODUCT = YES;
			};
			name = Release;
		};
		79ECA490273A4B88001A06E1 /* Debug */ = {
			isa = XCBuildConfiguration;
			buildSettings = {
				ASSETCATALOG_COMPILER_APPICON_NAME = AppIcon;
				ASSETCATALOG_COMPILER_GLOBAL_ACCENT_COLOR_NAME = AccentColor;
				CODE_SIGN_STYLE = Automatic;
				CURRENT_PROJECT_VERSION = 1;
				GENERATE_INFOPLIST_FILE = YES;
				INFOPLIST_FILE = ButtonTap/Info.plist;
				INFOPLIST_KEY_UIApplicationSupportsIndirectInputEvents = YES;
				INFOPLIST_KEY_UILaunchStoryboardName = LaunchScreen;
				INFOPLIST_KEY_UIMainStoryboardFile = Main;
				INFOPLIST_KEY_UISupportedInterfaceOrientations_iPad = "UIInterfaceOrientationPortrait UIInterfaceOrientationPortraitUpsideDown UIInterfaceOrientationLandscapeLeft UIInterfaceOrientationLandscapeRight";
				INFOPLIST_KEY_UISupportedInterfaceOrientations_iPhone = "UIInterfaceOrientationPortrait UIInterfaceOrientationLandscapeLeft UIInterfaceOrientationLandscapeRight";
				LD_RUNPATH_SEARCH_PATHS = (
					"$(inherited)",
					"@executable_path/Frameworks",
				);
				MARKETING_VERSION = 1.0;
				PRODUCT_BUNDLE_IDENTIFIER = tommyputranto.com.ButtonTap;
				PRODUCT_NAME = "$(TARGET_NAME)";
				SWIFT_EMIT_LOC_STRINGS = YES;
				SWIFT_VERSION = 5.0;
				TARGETED_DEVICE_FAMILY = "1,2";
			};
			name = Debug;
		};
		79ECA491273A4B88001A06E1 /* Release */ = {
			isa = XCBuildConfiguration;
			buildSettings = {
				ASSETCATALOG_COMPILER_APPICON_NAME = AppIcon;
				ASSETCATALOG_COMPILER_GLOBAL_ACCENT_COLOR_NAME = AccentColor;
				CODE_SIGN_STYLE = Automatic;
				CURRENT_PROJECT_VERSION = 1;
				GENERATE_INFOPLIST_FILE = YES;
				INFOPLIST_FILE = ButtonTap/Info.plist;
				INFOPLIST_KEY_UIApplicationSupportsIndirectInputEvents = YES;
				INFOPLIST_KEY_UILaunchStoryboardName = LaunchScreen;
				INFOPLIST_KEY_UIMainStoryboardFile = Main;
				INFOPLIST_KEY_UISupportedInterfaceOrientations_iPad = "UIInterfaceOrientationPortrait UIInterfaceOrientationPortraitUpsideDown UIInterfaceOrientationLandscapeLeft UIInterfaceOrientationLandscapeRight";
				INFOPLIST_KEY_UISupportedInterfaceOrientations_iPhone = "UIInterfaceOrientationPortrait UIInterfaceOrientationLandscapeLeft UIInterfaceOrientationLandscapeRight";
				LD_RUNPATH_SEARCH_PATHS = (
					"$(inherited)",
					"@executable_path/Frameworks",
				);
				MARKETING_VERSION = 1.0;
				PRODUCT_BUNDLE_IDENTIFIER = tommyputranto.com.ButtonTap;
				PRODUCT_NAME = "$(TARGET_NAME)";
				SWIFT_EMIT_LOC_STRINGS = YES;
				SWIFT_VERSION = 5.0;
				TARGETED_DEVICE_FAMILY = "1,2";
			};
			name = Release;
		};
		79ECA493273A4B88001A06E1 /* Debug */ = {
			isa = XCBuildConfiguration;
			buildSettings = {
				ALWAYS_EMBED_SWIFT_STANDARD_LIBRARIES = YES;
				BUNDLE_LOADER = "$(TEST_HOST)";
				CODE_SIGN_STYLE = Automatic;
				CURRENT_PROJECT_VERSION = 1;
				GENERATE_INFOPLIST_FILE = YES;
				IPHONEOS_DEPLOYMENT_TARGET = 15.0;
				LD_RUNPATH_SEARCH_PATHS = (
					"$(inherited)",
					"@executable_path/Frameworks",
					"@loader_path/Frameworks",
				);
				MARKETING_VERSION = 1.0;
				PRODUCT_BUNDLE_IDENTIFIER = tommyputranto.com.ButtonTapTests;
				PRODUCT_NAME = "$(TARGET_NAME)";
				SWIFT_EMIT_LOC_STRINGS = NO;
				SWIFT_VERSION = 5.0;
				TARGETED_DEVICE_FAMILY = "1,2";
				TEST_HOST = "$(BUILT_PRODUCTS_DIR)/ButtonTap.app/ButtonTap";
			};
			name = Debug;
		};
		79ECA494273A4B88001A06E1 /* Release */ = {
			isa = XCBuildConfiguration;
			buildSettings = {
				ALWAYS_EMBED_SWIFT_STANDARD_LIBRARIES = YES;
				BUNDLE_LOADER = "$(TEST_HOST)";
				CODE_SIGN_STYLE = Automatic;
				CURRENT_PROJECT_VERSION = 1;
				GENERATE_INFOPLIST_FILE = YES;
				IPHONEOS_DEPLOYMENT_TARGET = 15.0;
				LD_RUNPATH_SEARCH_PATHS = (
					"$(inherited)",
					"@executable_path/Frameworks",
					"@loader_path/Frameworks",
				);
				MARKETING_VERSION = 1.0;
				PRODUCT_BUNDLE_IDENTIFIER = tommyputranto.com.ButtonTapTests;
				PRODUCT_NAME = "$(TARGET_NAME)";
				SWIFT_EMIT_LOC_STRINGS = NO;
				SWIFT_VERSION = 5.0;
				TARGETED_DEVICE_FAMILY = "1,2";
				TEST_HOST = "$(BUILT_PRODUCTS_DIR)/ButtonTap.app/ButtonTap";
			};
			name = Release;
		};
		79ECA496273A4B88001A06E1 /* Debug */ = {
			isa = XCBuildConfiguration;
			buildSettings = {
				ALWAYS_EMBED_SWIFT_STANDARD_LIBRARIES = YES;
				CODE_SIGN_STYLE = Automatic;
				CURRENT_PROJECT_VERSION = 1;
				GENERATE_INFOPLIST_FILE = YES;
				LD_RUNPATH_SEARCH_PATHS = (
					"$(inherited)",
					"@executable_path/Frameworks",
					"@loader_path/Frameworks",
				);
				MARKETING_VERSION = 1.0;
				PRODUCT_BUNDLE_IDENTIFIER = tommyputranto.com.ButtonTapUITests;
				PRODUCT_NAME = "$(TARGET_NAME)";
				SWIFT_EMIT_LOC_STRINGS = NO;
				SWIFT_VERSION = 5.0;
				TARGETED_DEVICE_FAMILY = "1,2";
				TEST_TARGET_NAME = ButtonTap;
			};
			name = Debug;
		};
		79ECA497273A4B88001A06E1 /* Release */ = {
			isa = XCBuildConfiguration;
			buildSettings = {
				ALWAYS_EMBED_SWIFT_STANDARD_LIBRARIES = YES;
				CODE_SIGN_STYLE = Automatic;
				CURRENT_PROJECT_VERSION = 1;
				GENERATE_INFOPLIST_FILE = YES;
				LD_RUNPATH_SEARCH_PATHS = (
					"$(inherited)",
					"@executable_path/Frameworks",
					"@loader_path/Frameworks",
				);
				MARKETING_VERSION = 1.0;
				PRODUCT_BUNDLE_IDENTIFIER = tommyputranto.com.ButtonTapUITests;
				PRODUCT_NAME = "$(TARGET_NAME)";
				SWIFT_EMIT_LOC_STRINGS = NO;
				SWIFT_VERSION = 5.0;
				TARGETED_DEVICE_FAMILY = "1,2";
				TEST_TARGET_NAME = ButtonTap;
			};
			name = Release;
		};
/* End XCBuildConfiguration section */

/* Begin XCConfigurationList section */
		79ECA460273A4B84001A06E1 /* Build configuration list for PBXProject "ButtonTap" */ = {
			isa = XCConfigurationList;
			buildConfigurations = (
				79ECA48D273A4B87001A06E1 /* Debug */,
				79ECA48E273A4B88001A06E1 /* Release */,
			);
			defaultConfigurationIsVisible = 0;
			defaultConfigurationName = Release;
		};
		79ECA48F273A4B88001A06E1 /* Build configuration list for PBXNativeTarget "ButtonTap" */ = {
			isa = XCConfigurationList;
			buildConfigurations = (
				79ECA490273A4B88001A06E1 /* Debug */,
				79ECA491273A4B88001A06E1 /* Release */,
			);
			defaultConfigurationIsVisible = 0;
			defaultConfigurationName = Release;
		};
		79ECA492273A4B88001A06E1 /* Build configuration list for PBXNativeTarget "ButtonTapTests" */ = {
			isa = XCConfigurationList;
			buildConfigurations = (
				79ECA493273A4B88001A06E1 /* Debug */,
				79ECA494273A4B88001A06E1 /* Release */,
			);
			defaultConfigurationIsVisible = 0;
			defaultConfigurationName = Release;
		};
		79ECA495273A4B88001A06E1 /* Build configuration list for PBXNativeTarget "ButtonTapUITests" */ = {
			isa = XCConfigurationList;
			buildConfigurations = (
				79ECA496273A4B88001A06E1 /* Debug */,
				79ECA497273A4B88001A06E1 /* Release */,
			);
			defaultConfigurationIsVisible = 0;
			defaultConfigurationName = Release;
		};
/* End XCConfigurationList section */
	};
	rootObject = 79ECA45D273A4B84001A06E1 /* Project object */;
}
