// !$*UTF8*$!
{
	archiveVersion = 1;
	classes = {
	};
	objectVersion = 55;
	objects = {

/* Begin PBXBuildFile section */
		0EA396302830E7669E31B388 /* Pods_Snapshot_SnapshotTests.framework in Frameworks */ = {isa = PBXBuildFile; fileRef = EFD07956B1DD309FFE69BC6F /* Pods_Snapshot_SnapshotTests.framework */; };
		4CAEE2EBA359857379A90814 /* Pods_Snapshot.framework in Frameworks */ = {isa = PBXBuildFile; fileRef = 81CD223C507B1380F22D550D /* Pods_Snapshot.framework */; };
		79A97AE62742678000AA4E96 /* AppDelegate.swift in Sources */ = {isa = PBXBuildFile; fileRef = 79A97AE52742678000AA4E96 /* AppDelegate.swift */; };
		79A97AEA2742678000AA4E96 /* ViewController.swift in Sources */ = {isa = PBXBuildFile; fileRef = 79A97AE92742678000AA4E96 /* ViewController.swift */; };
		79A97AED2742678000AA4E96 /* Main.storyboard in Resources */ = {isa = PBXBuildFile; fileRef = 79A97AEB2742678000AA4E96 /* Main.storyboard */; };
		79A97AEF2742678400AA4E96 /* Assets.xcassets in Resources */ = {isa = PBXBuildFile; fileRef = 79A97AEE2742678400AA4E96 /* Assets.xcassets */; };
		79A97AF22742678400AA4E96 /* LaunchScreen.storyboard in Resources */ = {isa = PBXBuildFile; fileRef = 79A97AF02742678400AA4E96 /* LaunchScreen.storyboard */; };
		79A97B16274267EB00AA4E96 /* TestingAppDelegate.swift in Sources */ = {isa = PBXBuildFile; fileRef = 79A97B15274267EB00AA4E96 /* TestingAppDelegate.swift */; };
		79A97B182742682300AA4E96 /* main.swift in Sources */ = {isa = PBXBuildFile; fileRef = 79A97B172742682300AA4E96 /* main.swift */; };
		79A97B1E27426F1E00AA4E96 /* ViewControllerSnapshotTests.swift in Sources */ = {isa = PBXBuildFile; fileRef = 79A97B1D27426F1E00AA4E96 /* ViewControllerSnapshotTests.swift */; };
/* End PBXBuildFile section */

/* Begin PBXContainerItemProxy section */
		79A97AF92742678500AA4E96 /* PBXContainerItemProxy */ = {
			isa = PBXContainerItemProxy;
			containerPortal = 79A97ADA2742677F00AA4E96 /* Project object */;
			proxyType = 1;
			remoteGlobalIDString = 79A97AE12742678000AA4E96;
			remoteInfo = Snapshot;
		};
/* End PBXContainerItemProxy section */

/* Begin PBXCopyFilesBuildPhase section */
		79A97B1B27426E1400AA4E96 /* CopyFiles */ = {
			isa = PBXCopyFilesBuildPhase;
			buildActionMask = 2147483647;
			dstPath = "";
			dstSubfolderSpec = 7;
			files = (
			);
			runOnlyForDeploymentPostprocessing = 0;
		};
/* End PBXCopyFilesBuildPhase section */

/* Begin PBXFileReference section */
		1D29C395F6D2B6876FD37F7D /* Pods-Snapshot.release.xcconfig */ = {isa = PBXFileReference; includeInIndex = 1; lastKnownFileType = text.xcconfig; name = "Pods-Snapshot.release.xcconfig"; path = "Target Support Files/Pods-Snapshot/Pods-Snapshot.release.xcconfig"; sourceTree = "<group>"; };
		432E4A28898C895BCCDAEFD5 /* Pods-Snapshot-SnapshotTests.debug.xcconfig */ = {isa = PBXFileReference; includeInIndex = 1; lastKnownFileType = text.xcconfig; name = "Pods-Snapshot-SnapshotTests.debug.xcconfig"; path = "Target Support Files/Pods-Snapshot-SnapshotTests/Pods-Snapshot-SnapshotTests.debug.xcconfig"; sourceTree = "<group>"; };
		79A97AE22742678000AA4E96 /* Snapshot.app */ = {isa = PBXFileReference; explicitFileType = wrapper.application; includeInIndex = 0; path = Snapshot.app; sourceTree = BUILT_PRODUCTS_DIR; };
		79A97AE52742678000AA4E96 /* AppDelegate.swift */ = {isa = PBXFileReference; lastKnownFileType = sourcecode.swift; path = AppDelegate.swift; sourceTree = "<group>"; };
		79A97AE92742678000AA4E96 /* ViewController.swift */ = {isa = PBXFileReference; lastKnownFileType = sourcecode.swift; path = ViewController.swift; sourceTree = "<group>"; };
		79A97AEC2742678000AA4E96 /* Base */ = {isa = PBXFileReference; lastKnownFileType = file.storyboard; name = Base; path = Base.lproj/Main.storyboard; sourceTree = "<group>"; };
		79A97AEE2742678400AA4E96 /* Assets.xcassets */ = {isa = PBXFileReference; lastKnownFileType = folder.assetcatalog; path = Assets.xcassets; sourceTree = "<group>"; };
		79A97AF12742678400AA4E96 /* Base */ = {isa = PBXFileReference; lastKnownFileType = file.storyboard; name = Base; path = Base.lproj/LaunchScreen.storyboard; sourceTree = "<group>"; };
		79A97AF32742678400AA4E96 /* Info.plist */ = {isa = PBXFileReference; lastKnownFileType = text.plist.xml; path = Info.plist; sourceTree = "<group>"; };
		79A97AF82742678500AA4E96 /* SnapshotTests.xctest */ = {isa = PBXFileReference; explicitFileType = wrapper.cfbundle; includeInIndex = 0; path = SnapshotTests.xctest; sourceTree = BUILT_PRODUCTS_DIR; };
		79A97B062742678500AA4E96 /* SnapshotUITests.swift */ = {isa = PBXFileReference; lastKnownFileType = sourcecode.swift; path = SnapshotUITests.swift; sourceTree = "<group>"; };
		79A97B082742678500AA4E96 /* SnapshotUITestsLaunchTests.swift */ = {isa = PBXFileReference; lastKnownFileType = sourcecode.swift; path = SnapshotUITestsLaunchTests.swift; sourceTree = "<group>"; };
		79A97B15274267EB00AA4E96 /* TestingAppDelegate.swift */ = {isa = PBXFileReference; lastKnownFileType = sourcecode.swift; path = TestingAppDelegate.swift; sourceTree = "<group>"; };
		79A97B172742682300AA4E96 /* main.swift */ = {isa = PBXFileReference; lastKnownFileType = sourcecode.swift; path = main.swift; sourceTree = "<group>"; };
		79A97B1D27426F1E00AA4E96 /* ViewControllerSnapshotTests.swift */ = {isa = PBXFileReference; lastKnownFileType = sourcecode.swift; path = ViewControllerSnapshotTests.swift; sourceTree = "<group>"; };
		7FB85E3D7AF6968A8E0C82B3 /* Pods_Snapshot_SnapshotUITests.framework */ = {isa = PBXFileReference; explicitFileType = wrapper.framework; includeInIndex = 0; path = Pods_Snapshot_SnapshotUITests.framework; sourceTree = BUILT_PRODUCTS_DIR; };
		81CD223C507B1380F22D550D /* Pods_Snapshot.framework */ = {isa = PBXFileReference; explicitFileType = wrapper.framework; includeInIndex = 0; path = Pods_Snapshot.framework; sourceTree = BUILT_PRODUCTS_DIR; };
		825B79D309EDAA34BFD088F1 /* Pods-Snapshot.debug.xcconfig */ = {isa = PBXFileReference; includeInIndex = 1; lastKnownFileType = text.xcconfig; name = "Pods-Snapshot.debug.xcconfig"; path = "Target Support Files/Pods-Snapshot/Pods-Snapshot.debug.xcconfig"; sourceTree = "<group>"; };
		B51690F5662871CA16F8C747 /* Pods-Snapshot-SnapshotTests.release.xcconfig */ = {isa = PBXFileReference; includeInIndex = 1; lastKnownFileType = text.xcconfig; name = "Pods-Snapshot-SnapshotTests.release.xcconfig"; path = "Target Support Files/Pods-Snapshot-SnapshotTests/Pods-Snapshot-SnapshotTests.release.xcconfig"; sourceTree = "<group>"; };
		CE7914C3C80ED7E3B1CE6EC0 /* Pods-Snapshot-SnapshotUITests.release.xcconfig */ = {isa = PBXFileReference; includeInIndex = 1; lastKnownFileType = text.xcconfig; name = "Pods-Snapshot-SnapshotUITests.release.xcconfig"; path = "Target Support Files/Pods-Snapshot-SnapshotUITests/Pods-Snapshot-SnapshotUITests.release.xcconfig"; sourceTree = "<group>"; };
		D0CCCD32727B67F0615A09C2 /* Pods-Snapshot-SnapshotUITests.debug.xcconfig */ = {isa = PBXFileReference; includeInIndex = 1; lastKnownFileType = text.xcconfig; name = "Pods-Snapshot-SnapshotUITests.debug.xcconfig"; path = "Target Support Files/Pods-Snapshot-SnapshotUITests/Pods-Snapshot-SnapshotUITests.debug.xcconfig"; sourceTree = "<group>"; };
		EB284661D2707ECB057BFD93 /* Pods-SnapshotTests.debug.xcconfig */ = {isa = PBXFileReference; includeInIndex = 1; lastKnownFileType = text.xcconfig; name = "Pods-SnapshotTests.debug.xcconfig"; path = "Target Support Files/Pods-SnapshotTests/Pods-SnapshotTests.debug.xcconfig"; sourceTree = "<group>"; };
		ED1F7F38FA14AAD8DCEB6E87 /* Pods-SnapshotTests.release.xcconfig */ = {isa = PBXFileReference; includeInIndex = 1; lastKnownFileType = text.xcconfig; name = "Pods-SnapshotTests.release.xcconfig"; path = "Target Support Files/Pods-SnapshotTests/Pods-SnapshotTests.release.xcconfig"; sourceTree = "<group>"; };
		EFD07956B1DD309FFE69BC6F /* Pods_Snapshot_SnapshotTests.framework */ = {isa = PBXFileReference; explicitFileType = wrapper.framework; includeInIndex = 0; path = Pods_Snapshot_SnapshotTests.framework; sourceTree = BUILT_PRODUCTS_DIR; };
/* End PBXFileReference section */

/* Begin PBXFrameworksBuildPhase section */
		79A97ADF2742678000AA4E96 /* Frameworks */ = {
			isa = PBXFrameworksBuildPhase;
			buildActionMask = 2147483647;
			files = (
				4CAEE2EBA359857379A90814 /* Pods_Snapshot.framework in Frameworks */,
			);
			runOnlyForDeploymentPostprocessing = 0;
		};
		79A97AF52742678500AA4E96 /* Frameworks */ = {
			isa = PBXFrameworksBuildPhase;
			buildActionMask = 2147483647;
			files = (
				0EA396302830E7669E31B388 /* Pods_Snapshot_SnapshotTests.framework in Frameworks */,
			);
			runOnlyForDeploymentPostprocessing = 0;
		};
/* End PBXFrameworksBuildPhase section */

/* Begin PBXGroup section */
		04BD07808B827BCEAA185218 /* Frameworks */ = {
			isa = PBXGroup;
			children = (
				81CD223C507B1380F22D550D /* Pods_Snapshot.framework */,
				7FB85E3D7AF6968A8E0C82B3 /* Pods_Snapshot_SnapshotUITests.framework */,
				EFD07956B1DD309FFE69BC6F /* Pods_Snapshot_SnapshotTests.framework */,
			);
			name = Frameworks;
			sourceTree = "<group>";
		};
		79A97AD92742677F00AA4E96 = {
			isa = PBXGroup;
			children = (
				79A97AE42742678000AA4E96 /* Snapshot */,
				79A97AFB2742678500AA4E96 /* SnapshotTests */,
				79A97B052742678500AA4E96 /* SnapshotUITests */,
				79A97AE32742678000AA4E96 /* Products */,
				9D3C6543C7D4E9C24D6CC71F /* Pods */,
				04BD07808B827BCEAA185218 /* Frameworks */,
			);
			sourceTree = "<group>";
		};
		79A97AE32742678000AA4E96 /* Products */ = {
			isa = PBXGroup;
			children = (
				79A97AE22742678000AA4E96 /* Snapshot.app */,
				79A97AF82742678500AA4E96 /* SnapshotTests.xctest */,
			);
			name = Products;
			sourceTree = "<group>";
		};
		79A97AE42742678000AA4E96 /* Snapshot */ = {
			isa = PBXGroup;
			children = (
				79A97AE52742678000AA4E96 /* AppDelegate.swift */,
				79A97AE92742678000AA4E96 /* ViewController.swift */,
				79A97AEB2742678000AA4E96 /* Main.storyboard */,
				79A97AEE2742678400AA4E96 /* Assets.xcassets */,
				79A97AF02742678400AA4E96 /* LaunchScreen.storyboard */,
				79A97AF32742678400AA4E96 /* Info.plist */,
				79A97B172742682300AA4E96 /* main.swift */,
			);
			path = Snapshot;
			sourceTree = "<group>";
		};
		79A97AFB2742678500AA4E96 /* SnapshotTests */ = {
			isa = PBXGroup;
			children = (
				79A97B15274267EB00AA4E96 /* TestingAppDelegate.swift */,
				79A97B1D27426F1E00AA4E96 /* ViewControllerSnapshotTests.swift */,
			);
			path = SnapshotTests;
			sourceTree = "<group>";
		};
		79A97B052742678500AA4E96 /* SnapshotUITests */ = {
			isa = PBXGroup;
			children = (
				79A97B062742678500AA4E96 /* SnapshotUITests.swift */,
				79A97B082742678500AA4E96 /* SnapshotUITestsLaunchTests.swift */,
			);
			path = SnapshotUITests;
			sourceTree = "<group>";
		};
		9D3C6543C7D4E9C24D6CC71F /* Pods */ = {
			isa = PBXGroup;
			children = (
				825B79D309EDAA34BFD088F1 /* Pods-Snapshot.debug.xcconfig */,
				1D29C395F6D2B6876FD37F7D /* Pods-Snapshot.release.xcconfig */,
				D0CCCD32727B67F0615A09C2 /* Pods-Snapshot-SnapshotUITests.debug.xcconfig */,
				CE7914C3C80ED7E3B1CE6EC0 /* Pods-Snapshot-SnapshotUITests.release.xcconfig */,
				EB284661D2707ECB057BFD93 /* Pods-SnapshotTests.debug.xcconfig */,
				ED1F7F38FA14AAD8DCEB6E87 /* Pods-SnapshotTests.release.xcconfig */,
				432E4A28898C895BCCDAEFD5 /* Pods-Snapshot-SnapshotTests.debug.xcconfig */,
				B51690F5662871CA16F8C747 /* Pods-Snapshot-SnapshotTests.release.xcconfig */,
			);
			path = Pods;
			sourceTree = "<group>";
		};
/* End PBXGroup section */

/* Begin PBXNativeTarget section */
		79A97AE12742678000AA4E96 /* Snapshot */ = {
			isa = PBXNativeTarget;
			buildConfigurationList = 79A97B0C2742678500AA4E96 /* Build configuration list for PBXNativeTarget "Snapshot" */;
			buildPhases = (
				800F4AE5F7C64DA9BDC92A06 /* [CP] Check Pods Manifest.lock */,
				79A97ADE2742678000AA4E96 /* Sources */,
				79A97ADF2742678000AA4E96 /* Frameworks */,
				79A97AE02742678000AA4E96 /* Resources */,
			);
			buildRules = (
			);
			dependencies = (
			);
			name = Snapshot;
			productName = Snapshot;
			productReference = 79A97AE22742678000AA4E96 /* Snapshot.app */;
			productType = "com.apple.product-type.application";
		};
		79A97AF72742678500AA4E96 /* SnapshotTests */ = {
			isa = PBXNativeTarget;
			buildConfigurationList = 79A97B0F2742678500AA4E96 /* Build configuration list for PBXNativeTarget "SnapshotTests" */;
			buildPhases = (
				F06CAEC7593064B59426D1DD /* [CP] Check Pods Manifest.lock */,
				79A97AF42742678500AA4E96 /* Sources */,
				79A97AF52742678500AA4E96 /* Frameworks */,
				79A97AF62742678500AA4E96 /* Resources */,
				79A97B1B27426E1400AA4E96 /* CopyFiles */,
				C9091625A615836E8383B6E5 /* [CP] Embed Pods Frameworks */,
			);
			buildRules = (
			);
			dependencies = (
				79A97AFA2742678500AA4E96 /* PBXTargetDependency */,
			);
			name = SnapshotTests;
			productName = SnapshotTests;
			productReference = 79A97AF82742678500AA4E96 /* SnapshotTests.xctest */;
			productType = "com.apple.product-type.bundle.unit-test";
		};
/* End PBXNativeTarget section */

/* Begin PBXProject section */
		79A97ADA2742677F00AA4E96 /* Project object */ = {
			isa = PBXProject;
			attributes = {
				BuildIndependentTargetsInParallel = 1;
				LastSwiftUpdateCheck = 1310;
				LastUpgradeCheck = 1310;
				TargetAttributes = {
					79A97AE12742678000AA4E96 = {
						CreatedOnToolsVersion = 13.1;
					};
					79A97AF72742678500AA4E96 = {
						CreatedOnToolsVersion = 13.1;
						TestTargetID = 79A97AE12742678000AA4E96;
					};
				};
			};
			buildConfigurationList = 79A97ADD2742678000AA4E96 /* Build configuration list for PBXProject "Snapshot" */;
			compatibilityVersion = "Xcode 13.0";
			developmentRegion = en;
			hasScannedForEncodings = 0;
			knownRegions = (
				en,
				Base,
			);
			mainGroup = 79A97AD92742677F00AA4E96;
			productRefGroup = 79A97AE32742678000AA4E96 /* Products */;
			projectDirPath = "";
			projectRoot = "";
			targets = (
				79A97AE12742678000AA4E96 /* Snapshot */,
				79A97AF72742678500AA4E96 /* SnapshotTests */,
			);
		};
/* End PBXProject section */

/* Begin PBXResourcesBuildPhase section */
		79A97AE02742678000AA4E96 /* Resources */ = {
			isa = PBXResourcesBuildPhase;
			buildActionMask = 2147483647;
			files = (
				79A97AF22742678400AA4E96 /* LaunchScreen.storyboard in Resources */,
				79A97AEF2742678400AA4E96 /* Assets.xcassets in Resources */,
				79A97AED2742678000AA4E96 /* Main.storyboard in Resources */,
			);
			runOnlyForDeploymentPostprocessing = 0;
		};
		79A97AF62742678500AA4E96 /* Resources */ = {
			isa = PBXResourcesBuildPhase;
			buildActionMask = 2147483647;
			files = (
			);
			runOnlyForDeploymentPostprocessing = 0;
		};
/* End PBXResourcesBuildPhase section */

/* Begin PBXShellScriptBuildPhase section */
		800F4AE5F7C64DA9BDC92A06 /* [CP] Check Pods Manifest.lock */ = {
			isa = PBXShellScriptBuildPhase;
			buildActionMask = 2147483647;
			files = (
			);
			inputFileListPaths = (
			);
			inputPaths = (
				"${PODS_PODFILE_DIR_PATH}/Podfile.lock",
				"${PODS_ROOT}/Manifest.lock",
			);
			name = "[CP] Check Pods Manifest.lock";
			outputFileListPaths = (
			);
			outputPaths = (
				"$(DERIVED_FILE_DIR)/Pods-Snapshot-checkManifestLockResult.txt",
			);
			runOnlyForDeploymentPostprocessing = 0;
			shellPath = /bin/sh;
			shellScript = "diff \"${PODS_PODFILE_DIR_PATH}/Podfile.lock\" \"${PODS_ROOT}/Manifest.lock\" > /dev/null\nif [ $? != 0 ] ; then\n    # print error to STDERR\n    echo \"error: The sandbox is not in sync with the Podfile.lock. Run 'pod install' or update your CocoaPods installation.\" >&2\n    exit 1\nfi\n# This output is used by Xcode 'outputs' to avoid re-running this script phase.\necho \"SUCCESS\" > \"${SCRIPT_OUTPUT_FILE_0}\"\n";
			showEnvVarsInLog = 0;
		};
		C9091625A615836E8383B6E5 /* [CP] Embed Pods Frameworks */ = {
			isa = PBXShellScriptBuildPhase;
			buildActionMask = 2147483647;
			files = (
			);
			inputFileListPaths = (
				"${PODS_ROOT}/Target Support Files/Pods-Snapshot-SnapshotTests/Pods-Snapshot-SnapshotTests-frameworks-${CONFIGURATION}-input-files.xcfilelist",
			);
			name = "[CP] Embed Pods Frameworks";
			outputFileListPaths = (
				"${PODS_ROOT}/Target Support Files/Pods-Snapshot-SnapshotTests/Pods-Snapshot-SnapshotTests-frameworks-${CONFIGURATION}-output-files.xcfilelist",
			);
			runOnlyForDeploymentPostprocessing = 0;
			shellPath = /bin/sh;
			shellScript = "\"${PODS_ROOT}/Target Support Files/Pods-Snapshot-SnapshotTests/Pods-Snapshot-SnapshotTests-frameworks.sh\"\n";
			showEnvVarsInLog = 0;
		};
		F06CAEC7593064B59426D1DD /* [CP] Check Pods Manifest.lock */ = {
			isa = PBXShellScriptBuildPhase;
			buildActionMask = 2147483647;
			files = (
			);
			inputFileListPaths = (
			);
			inputPaths = (
				"${PODS_PODFILE_DIR_PATH}/Podfile.lock",
				"${PODS_ROOT}/Manifest.lock",
			);
			name = "[CP] Check Pods Manifest.lock";
			outputFileListPaths = (
			);
			outputPaths = (
				"$(DERIVED_FILE_DIR)/Pods-Snapshot-SnapshotTests-checkManifestLockResult.txt",
			);
			runOnlyForDeploymentPostprocessing = 0;
			shellPath = /bin/sh;
			shellScript = "diff \"${PODS_PODFILE_DIR_PATH}/Podfile.lock\" \"${PODS_ROOT}/Manifest.lock\" > /dev/null\nif [ $? != 0 ] ; then\n    # print error to STDERR\n    echo \"error: The sandbox is not in sync with the Podfile.lock. Run 'pod install' or update your CocoaPods installation.\" >&2\n    exit 1\nfi\n# This output is used by Xcode 'outputs' to avoid re-running this script phase.\necho \"SUCCESS\" > \"${SCRIPT_OUTPUT_FILE_0}\"\n";
			showEnvVarsInLog = 0;
		};
/* End PBXShellScriptBuildPhase section */

/* Begin PBXSourcesBuildPhase section */
		79A97ADE2742678000AA4E96 /* Sources */ = {
			isa = PBXSourcesBuildPhase;
			buildActionMask = 2147483647;
			files = (
				79A97AEA2742678000AA4E96 /* ViewController.swift in Sources */,
				79A97AE62742678000AA4E96 /* AppDelegate.swift in Sources */,
				79A97B182742682300AA4E96 /* main.swift in Sources */,
			);
			runOnlyForDeploymentPostprocessing = 0;
		};
		79A97AF42742678500AA4E96 /* Sources */ = {
			isa = PBXSourcesBuildPhase;
			buildActionMask = 2147483647;
			files = (
				79A97B1E27426F1E00AA4E96 /* ViewControllerSnapshotTests.swift in Sources */,
				79A97B16274267EB00AA4E96 /* TestingAppDelegate.swift in Sources */,
			);
			runOnlyForDeploymentPostprocessing = 0;
		};
/* End PBXSourcesBuildPhase section */

/* Begin PBXTargetDependency section */
		79A97AFA2742678500AA4E96 /* PBXTargetDependency */ = {
			isa = PBXTargetDependency;
			target = 79A97AE12742678000AA4E96 /* Snapshot */;
			targetProxy = 79A97AF92742678500AA4E96 /* PBXContainerItemProxy */;
		};
/* End PBXTargetDependency section */

/* Begin PBXVariantGroup section */
		79A97AEB2742678000AA4E96 /* Main.storyboard */ = {
			isa = PBXVariantGroup;
			children = (
				79A97AEC2742678000AA4E96 /* Base */,
			);
			name = Main.storyboard;
			sourceTree = "<group>";
		};
		79A97AF02742678400AA4E96 /* LaunchScreen.storyboard */ = {
			isa = PBXVariantGroup;
			children = (
				79A97AF12742678400AA4E96 /* Base */,
			);
			name = LaunchScreen.storyboard;
			sourceTree = "<group>";
		};
/* End PBXVariantGroup section */

/* Begin XCBuildConfiguration section */
		79A97B0A2742678500AA4E96 /* Debug */ = {
			isa = XCBuildConfiguration;
			buildSettings = {
				ALWAYS_SEARCH_USER_PATHS = NO;
				CLANG_ANALYZER_NONNULL = YES;
				CLANG_ANALYZER_NUMBER_OBJECT_CONVERSION = YES_AGGRESSIVE;
				CLANG_CXX_LANGUAGE_STANDARD = "gnu++17";
				CLANG_CXX_LIBRARY = "libc++";
				CLANG_ENABLE_MODULES = YES;
				CLANG_ENABLE_OBJC_ARC = YES;
				CLANG_ENABLE_OBJC_WEAK = YES;
				CLANG_WARN_BLOCK_CAPTURE_AUTORELEASING = YES;
				CLANG_WARN_BOOL_CONVERSION = YES;
				CLANG_WARN_COMMA = YES;
				CLANG_WARN_CONSTANT_CONVERSION = YES;
				CLANG_WARN_DEPRECATED_OBJC_IMPLEMENTATIONS = YES;
				CLANG_WARN_DIRECT_OBJC_ISA_USAGE = YES_ERROR;
				CLANG_WARN_DOCUMENTATION_COMMENTS = YES;
				CLANG_WARN_EMPTY_BODY = YES;
				CLANG_WARN_ENUM_CONVERSION = YES;
				CLANG_WARN_INFINITE_RECURSION = YES;
				CLANG_WARN_INT_CONVERSION = YES;
				CLANG_WARN_NON_LITERAL_NULL_CONVERSION = YES;
				CLANG_WARN_OBJC_IMPLICIT_RETAIN_SELF = YES;
				CLANG_WARN_OBJC_LITERAL_CONVERSION = YES;
				CLANG_WARN_OBJC_ROOT_CLASS = YES_ERROR;
				CLANG_WARN_QUOTED_INCLUDE_IN_FRAMEWORK_HEADER = YES;
				CLANG_WARN_RANGE_LOOP_ANALYSIS = YES;
				CLANG_WARN_STRICT_PROTOTYPES = YES;
				CLANG_WARN_SUSPICIOUS_MOVE = YES;
				CLANG_WARN_UNGUARDED_AVAILABILITY = YES_AGGRESSIVE;
				CLANG_WARN_UNREACHABLE_CODE = YES;
				CLANG_WARN__DUPLICATE_METHOD_MATCH = YES;
				COPY_PHASE_STRIP = NO;
				DEBUG_INFORMATION_FORMAT = dwarf;
				ENABLE_STRICT_OBJC_MSGSEND = YES;
				ENABLE_TESTABILITY = YES;
				GCC_C_LANGUAGE_STANDARD = gnu11;
				GCC_DYNAMIC_NO_PIC = NO;
				GCC_NO_COMMON_BLOCKS = YES;
				GCC_OPTIMIZATION_LEVEL = 0;
				GCC_PREPROCESSOR_DEFINITIONS = (
					"DEBUG=1",
					"$(inherited)",
				);
				GCC_WARN_64_TO_32_BIT_CONVERSION = YES;
				GCC_WARN_ABOUT_RETURN_TYPE = YES_ERROR;
				GCC_WARN_UNDECLARED_SELECTOR = YES;
				GCC_WARN_UNINITIALIZED_AUTOS = YES_AGGRESSIVE;
				GCC_WARN_UNUSED_FUNCTION = YES;
				GCC_WARN_UNUSED_VARIABLE = YES;
				IPHONEOS_DEPLOYMENT_TARGET = 15.0;
				MTL_ENABLE_DEBUG_INFO = INCLUDE_SOURCE;
				MTL_FAST_MATH = YES;
				ONLY_ACTIVE_ARCH = YES;
				SDKROOT = iphoneos;
				SWIFT_ACTIVE_COMPILATION_CONDITIONS = DEBUG;
				SWIFT_OPTIMIZATION_LEVEL = "-Onone";
			};
			name = Debug;
		};
		79A97B0B2742678500AA4E96 /* Release */ = {
			isa = XCBuildConfiguration;
			buildSettings = {
				ALWAYS_SEARCH_USER_PATHS = NO;
				CLANG_ANALYZER_NONNULL = YES;
				CLANG_ANALYZER_NUMBER_OBJECT_CONVERSION = YES_AGGRESSIVE;
				CLANG_CXX_LANGUAGE_STANDARD = "gnu++17";
				CLANG_CXX_LIBRARY = "libc++";
				CLANG_ENABLE_MODULES = YES;
				CLANG_ENABLE_OBJC_ARC = YES;
				CLANG_ENABLE_OBJC_WEAK = YES;
				CLANG_WARN_BLOCK_CAPTURE_AUTORELEASING = YES;
				CLANG_WARN_BOOL_CONVERSION = YES;
				CLANG_WARN_COMMA = YES;
				CLANG_WARN_CONSTANT_CONVERSION = YES;
				CLANG_WARN_DEPRECATED_OBJC_IMPLEMENTATIONS = YES;
				CLANG_WARN_DIRECT_OBJC_ISA_USAGE = YES_ERROR;
				CLANG_WARN_DOCUMENTATION_COMMENTS = YES;
				CLANG_WARN_EMPTY_BODY = YES;
				CLANG_WARN_ENUM_CONVERSION = YES;
				CLANG_WARN_INFINITE_RECURSION = YES;
				CLANG_WARN_INT_CONVERSION = YES;
				CLANG_WARN_NON_LITERAL_NULL_CONVERSION = YES;
				CLANG_WARN_OBJC_IMPLICIT_RETAIN_SELF = YES;
				CLANG_WARN_OBJC_LITERAL_CONVERSION = YES;
				CLANG_WARN_OBJC_ROOT_CLASS = YES_ERROR;
				CLANG_WARN_QUOTED_INCLUDE_IN_FRAMEWORK_HEADER = YES;
				CLANG_WARN_RANGE_LOOP_ANALYSIS = YES;
				CLANG_WARN_STRICT_PROTOTYPES = YES;
				CLANG_WARN_SUSPICIOUS_MOVE = YES;
				CLANG_WARN_UNGUARDED_AVAILABILITY = YES_AGGRESSIVE;
				CLANG_WARN_UNREACHABLE_CODE = YES;
				CLANG_WARN__DUPLICATE_METHOD_MATCH = YES;
				COPY_PHASE_STRIP = NO;
				DEBUG_INFORMATION_FORMAT = "dwarf-with-dsym";
				ENABLE_NS_ASSERTIONS = NO;
				ENABLE_STRICT_OBJC_MSGSEND = YES;
				GCC_C_LANGUAGE_STANDARD = gnu11;
				GCC_NO_COMMON_BLOCKS = YES;
				GCC_WARN_64_TO_32_BIT_CONVERSION = YES;
				GCC_WARN_ABOUT_RETURN_TYPE = YES_ERROR;
				GCC_WARN_UNDECLARED_SELECTOR = YES;
				GCC_WARN_UNINITIALIZED_AUTOS = YES_AGGRESSIVE;
				GCC_WARN_UNUSED_FUNCTION = YES;
				GCC_WARN_UNUSED_VARIABLE = YES;
				IPHONEOS_DEPLOYMENT_TARGET = 15.0;
				MTL_ENABLE_DEBUG_INFO = NO;
				MTL_FAST_MATH = YES;
				SDKROOT = iphoneos;
				SWIFT_COMPILATION_MODE = wholemodule;
				SWIFT_OPTIMIZATION_LEVEL = "-O";
				VALIDATE_PRODUCT = YES;
			};
			name = Release;
		};
		79A97B0D2742678500AA4E96 /* Debug */ = {
			isa = XCBuildConfiguration;
			baseConfigurationReference = 825B79D309EDAA34BFD088F1 /* Pods-Snapshot.debug.xcconfig */;
			buildSettings = {
				ASSETCATALOG_COMPILER_APPICON_NAME = AppIcon;
				ASSETCATALOG_COMPILER_GLOBAL_ACCENT_COLOR_NAME = AccentColor;
				CODE_SIGN_STYLE = Automatic;
				CURRENT_PROJECT_VERSION = 1;
				GENERATE_INFOPLIST_FILE = YES;
				INFOPLIST_FILE = Snapshot/Info.plist;
				INFOPLIST_KEY_UIApplicationSupportsIndirectInputEvents = YES;
				INFOPLIST_KEY_UILaunchStoryboardName = LaunchScreen;
				INFOPLIST_KEY_UIMainStoryboardFile = Main;
				INFOPLIST_KEY_UISupportedInterfaceOrientations_iPad = "UIInterfaceOrientationPortrait UIInterfaceOrientationPortraitUpsideDown UIInterfaceOrientationLandscapeLeft UIInterfaceOrientationLandscapeRight";
				INFOPLIST_KEY_UISupportedInterfaceOrientations_iPhone = "UIInterfaceOrientationPortrait UIInterfaceOrientationLandscapeLeft UIInterfaceOrientationLandscapeRight";
				LD_RUNPATH_SEARCH_PATHS = (
					"$(inherited)",
					"@executable_path/Frameworks",
				);
				MARKETING_VERSION = 1.0;
				PRODUCT_BUNDLE_IDENTIFIER = tommyputranto.com.Snapshot;
				PRODUCT_NAME = "$(TARGET_NAME)";
				SWIFT_EMIT_LOC_STRINGS = YES;
				SWIFT_VERSION = 5.0;
				TARGETED_DEVICE_FAMILY = "1,2";
			};
			name = Debug;
		};
		79A97B0E2742678500AA4E96 /* Release */ = {
			isa = XCBuildConfiguration;
			baseConfigurationReference = 1D29C395F6D2B6876FD37F7D /* Pods-Snapshot.release.xcconfig */;
			buildSettings = {
				ASSETCATALOG_COMPILER_APPICON_NAME = AppIcon;
				ASSETCATALOG_COMPILER_GLOBAL_ACCENT_COLOR_NAME = AccentColor;
				CODE_SIGN_STYLE = Automatic;
				CURRENT_PROJECT_VERSION = 1;
				GENERATE_INFOPLIST_FILE = YES;
				INFOPLIST_FILE = Snapshot/Info.plist;
				INFOPLIST_KEY_UIApplicationSupportsIndirectInputEvents = YES;
				INFOPLIST_KEY_UILaunchStoryboardName = LaunchScreen;
				INFOPLIST_KEY_UIMainStoryboardFile = Main;
				INFOPLIST_KEY_UISupportedInterfaceOrientations_iPad = "UIInterfaceOrientationPortrait UIInterfaceOrientationPortraitUpsideDown UIInterfaceOrientationLandscapeLeft UIInterfaceOrientationLandscapeRight";
				INFOPLIST_KEY_UISupportedInterfaceOrientations_iPhone = "UIInterfaceOrientationPortrait UIInterfaceOrientationLandscapeLeft UIInterfaceOrientationLandscapeRight";
				LD_RUNPATH_SEARCH_PATHS = (
					"$(inherited)",
					"@executable_path/Frameworks",
				);
				MARKETING_VERSION = 1.0;
				PRODUCT_BUNDLE_IDENTIFIER = tommyputranto.com.Snapshot;
				PRODUCT_NAME = "$(TARGET_NAME)";
				SWIFT_EMIT_LOC_STRINGS = YES;
				SWIFT_VERSION = 5.0;
				TARGETED_DEVICE_FAMILY = "1,2";
			};
			name = Release;
		};
		79A97B102742678500AA4E96 /* Debug */ = {
			isa = XCBuildConfiguration;
			baseConfigurationReference = 432E4A28898C895BCCDAEFD5 /* Pods-Snapshot-SnapshotTests.debug.xcconfig */;
			buildSettings = {
				ALWAYS_EMBED_SWIFT_STANDARD_LIBRARIES = YES;
				BUNDLE_LOADER = "$(TEST_HOST)";
				CODE_SIGN_STYLE = Automatic;
				CURRENT_PROJECT_VERSION = 1;
				FRAMEWORK_SEARCH_PATHS = (
					"$(inherited)",
					"$(PROJECT_DIR)/SnapshotTests",
				);
				GENERATE_INFOPLIST_FILE = YES;
				IPHONEOS_DEPLOYMENT_TARGET = 15.0;
				LD_RUNPATH_SEARCH_PATHS = (
					"$(inherited)",
					"@executable_path/Frameworks",
					"@loader_path/Frameworks",
				);
				MARKETING_VERSION = 1.0;
				PRODUCT_BUNDLE_IDENTIFIER = tommyputranto.com.SnapshotTests;
				PRODUCT_NAME = "$(TARGET_NAME)";
				SWIFT_EMIT_LOC_STRINGS = NO;
				SWIFT_VERSION = 5.0;
				TARGETED_DEVICE_FAMILY = "1,2";
				TEST_HOST = "$(BUILT_PRODUCTS_DIR)/Snapshot.app/Snapshot";
			};
			name = Debug;
		};
		79A97B112742678500AA4E96 /* Release */ = {
			isa = XCBuildConfiguration;
			baseConfigurationReference = B51690F5662871CA16F8C747 /* Pods-Snapshot-SnapshotTests.release.xcconfig */;
			buildSettings = {
				ALWAYS_EMBED_SWIFT_STANDARD_LIBRARIES = YES;
				BUNDLE_LOADER = "$(TEST_HOST)";
				CODE_SIGN_STYLE = Automatic;
				CURRENT_PROJECT_VERSION = 1;
				FRAMEWORK_SEARCH_PATHS = (
					"$(inherited)",
					"$(PROJECT_DIR)/SnapshotTests",
				);
				GENERATE_INFOPLIST_FILE = YES;
				IPHONEOS_DEPLOYMENT_TARGET = 15.0;
				LD_RUNPATH_SEARCH_PATHS = (
					"$(inherited)",
					"@executable_path/Frameworks",
					"@loader_path/Frameworks",
				);
				MARKETING_VERSION = 1.0;
				PRODUCT_BUNDLE_IDENTIFIER = tommyputranto.com.SnapshotTests;
				PRODUCT_NAME = "$(TARGET_NAME)";
				SWIFT_EMIT_LOC_STRINGS = NO;
				SWIFT_VERSION = 5.0;
				TARGETED_DEVICE_FAMILY = "1,2";
				TEST_HOST = "$(BUILT_PRODUCTS_DIR)/Snapshot.app/Snapshot";
			};
			name = Release;
		};
/* End XCBuildConfiguration section */

/* Begin XCConfigurationList section */
		79A97ADD2742678000AA4E96 /* Build configuration list for PBXProject "Snapshot" */ = {
			isa = XCConfigurationList;
			buildConfigurations = (
				79A97B0A2742678500AA4E96 /* Debug */,
				79A97B0B2742678500AA4E96 /* Release */,
			);
			defaultConfigurationIsVisible = 0;
			defaultConfigurationName = Release;
		};
		79A97B0C2742678500AA4E96 /* Build configuration list for PBXNativeTarget "Snapshot" */ = {
			isa = XCConfigurationList;
			buildConfigurations = (
				79A97B0D2742678500AA4E96 /* Debug */,
				79A97B0E2742678500AA4E96 /* Release */,
			);
			defaultConfigurationIsVisible = 0;
			defaultConfigurationName = Release;
		};
		79A97B0F2742678500AA4E96 /* Build configuration list for PBXNativeTarget "SnapshotTests" */ = {
			isa = XCConfigurationList;
			buildConfigurations = (
				79A97B102742678500AA4E96 /* Debug */,
				79A97B112742678500AA4E96 /* Release */,
			);
			defaultConfigurationIsVisible = 0;
			defaultConfigurationName = Release;
		};
/* End XCConfigurationList section */
	};
	rootObject = 79A97ADA2742677F00AA4E96 /* Project object */;
}
